
Microsoft Visual Studio Solution File, Format Version 12.00
# Visual Studio 15
VisualStudioVersion = 15.0.28010.2036
MinimumVisualStudioVersion = 10.0.40219.1
Project("{F2A71F9B-5D33-465A-A702-920D77279786}") = "BrokenInformant", "BrokenInformant\BrokenInformant.fsproj", "{8D1A63D9-3642-4807-9B0B-55EE78A030C2}"
EndProject
Global
	GlobalSection(SolutionConfigurationPlatforms) = preSolution
		Debug|Any CPU = Debug|Any CPU
		Release|Any CPU = Release|Any CPU
	EndGlobalSection
	GlobalSection(ProjectConfigurationPlatforms) = postSolution
		{8D1A63D9-3642-4807-9B0B-55EE78A030C2}.Debug|Any CPU.ActiveCfg = Debug|Any CPU
		{8D1A63D9-3642-4807-9B0B-55EE78A030C2}.Debug|Any CPU.Build.0 = Debug|Any CPU
		{8D1A63D9-3642-4807-9B0B-55EE78A030C2}.Release|Any CPU.ActiveCfg = Release|Any CPU
		{8D1A63D9-3642-4807-9B0B-55EE78A030C2}.Release|Any CPU.Build.0 = Release|Any CPU
	EndGlobalSection
	GlobalSection(SolutionProperties) = preSolution
		HideSolutionNode = FALSE
	EndGlobalSection
	GlobalSection(ExtensibilityGlobals) = postSolution
		SolutionGuid = {EE9A4E5B-0402-431E-B230-4AE1ED5DBB33}
	EndGlobalSection
EndGlobal
